
Microsoft Visual Studio Solution File, Format Version 12.00
# Visual Studio Version 16
VisualStudioVersion = 16.0.31410.357
MinimumVisualStudioVersion = 10.0.40219.1
Project("{FAE04EC0-301F-11D3-BF4B-00C04F79EFBC}") = "ConsoleApps", "ConsoleApps\ConsoleApps.csproj", "{158B32A7-A7A4-42AC-A584-B6E679D289B5}"
EndProject
Global
	GlobalSection(SolutionConfigurationPlatforms) = preSolution
		Debug|Any CPU = Debug|Any CPU
		Release|Any CPU = Release|Any CPU
	EndGlobalSection
	GlobalSection(ProjectConfigurationPlatforms) = postSolution
		{158B32A7-A7A4-42AC-A584-B6E679D289B5}.Debug|Any CPU.ActiveCfg = Debug|Any CPU
		{158B32A7-A7A4-42AC-A584-B6E679D289B5}.Debug|Any CPU.Build.0 = Debug|Any CPU
		{158B32A7-A7A4-42AC-A584-B6E679D289B5}.Release|Any CPU.ActiveCfg = Release|Any CPU
		{158B32A7-A7A4-42AC-A584-B6E679D289B5}.Release|Any CPU.Build.0 = Release|Any CPU
	EndGlobalSection
	GlobalSection(SolutionProperties) = preSolution
		HideSolutionNode = FALSE
	EndGlobalSection
	GlobalSection(ExtensibilityGlobals) = postSolution
		SolutionGuid = {D986C0ED-4E56-4BE1-9CB0-11773FD2667B}
	EndGlobalSection
EndGlobal
